{
  "name": "thanosjs",
  "version": "0.0.1",
  "lockfileVersion": 1,
  "requires": true,
  "dependencies": {
    "thanos-js": {
      "version": "0.0.7",
      "resolved": "https://registry.npmjs.org/thanos-js/-/thanos-js-0.0.7.tgz",
      "integrity": "sha512-Y+os+lWJPxYh+AePoo1e4llFiE1Imv8on0ThROggAhqCFD87CEMHuK2ltm2ECrNVS0/5yelhEEg7RLk+EdDwcg=="
    }
  }
}
